
Microsoft Visual Studio Solution File, Format Version 12.00
# Visual Studio 14
VisualStudioVersion = 14.0.25123.0
MinimumVisualStudioVersion = 10.0.40219.1
Project("{FAE04EC0-301F-11D3-BF4B-00C04F79EFBC}") = "JoshMangoff-COMP2007-Assignment2", "JoshMangoff-COMP2007-Assignment2\JoshMangoff-COMP2007-Assignment2.csproj", "{F1784D82-A2D0-4444-B04D-C241EDC37A5B}"
EndProject
Project("{FAE04EC0-301F-11D3-BF4B-00C04F79EFBC}") = "JoshMangoff-COMP2007-Assignment2.Tests", "JoshMangoff-COMP2007-Assignment2.Tests\JoshMangoff-COMP2007-Assignment2.Tests.csproj", "{DEE493C3-A4AA-494D-92EE-C5DFD6834DF0}"
EndProject
Global
	GlobalSection(SolutionConfigurationPlatforms) = preSolution
		Debug|Any CPU = Debug|Any CPU
		Release|Any CPU = Release|Any CPU
	EndGlobalSection
	GlobalSection(ProjectConfigurationPlatforms) = postSolution
		{F1784D82-A2D0-4444-B04D-C241EDC37A5B}.Debug|Any CPU.ActiveCfg = Debug|Any CPU
		{F1784D82-A2D0-4444-B04D-C241EDC37A5B}.Debug|Any CPU.Build.0 = Debug|Any CPU
		{F1784D82-A2D0-4444-B04D-C241EDC37A5B}.Release|Any CPU.ActiveCfg = Release|Any CPU
		{F1784D82-A2D0-4444-B04D-C241EDC37A5B}.Release|Any CPU.Build.0 = Release|Any CPU
		{DEE493C3-A4AA-494D-92EE-C5DFD6834DF0}.Debug|Any CPU.ActiveCfg = Debug|Any CPU
		{DEE493C3-A4AA-494D-92EE-C5DFD6834DF0}.Debug|Any CPU.Build.0 = Debug|Any CPU
		{DEE493C3-A4AA-494D-92EE-C5DFD6834DF0}.Release|Any CPU.ActiveCfg = Release|Any CPU
		{DEE493C3-A4AA-494D-92EE-C5DFD6834DF0}.Release|Any CPU.Build.0 = Release|Any CPU
	EndGlobalSection
	GlobalSection(SolutionProperties) = preSolution
		HideSolutionNode = FALSE
	EndGlobalSection
EndGlobal
